{
  "version": 4,
  "terraform_version": "0.12.18",
  "serial": 6,
  "lineage": "daa7a15c-9922-e84f-4129-c21f4b606a90",
  "outputs": {},
  "resources": [
    {
      "mode": "managed",
      "type": "digitalocean_droplet",
      "name": "auto_droplet",
      "provider": "provider.digitalocean",
      "instances": [
        {
          "schema_version": 1,
          "attributes": {
            "backups": false,
            "created_at": "2020-02-07T15:46:53Z",
            "disk": 25,
            "id": "179265341",
            "image": "ubuntu-18-04-x64",
            "ipv4_address": "206.189.121.213",
            "ipv4_address_private": "10.131.30.111",
            "ipv6": false,
            "ipv6_address": "",
            "ipv6_address_private": null,
            "locked": false,
            "memory": 1024,
            "monitoring": false,
            "name": "mydrop",
            "price_hourly": 0.00744,
            "price_monthly": 5,
            "private_networking": true,
            "region": "lon1",
            "resize_disk": true,
            "size": "s-1vcpu-1gb",
            "ssh_keys": [
              "68:fb:88:46:80:18:78:ae:68:43:11:35:13:6c:e9:32"
            ],
            "status": "active",
            "tags": [
              "mydrop"
            ],
            "urn": "do:droplet:179265341",
            "user_data": null,
            "vcpus": 1,
            "volume_ids": []
          },
          "private": "eyJzY2hlbWFfdmVyc2lvbiI6IjEifQ==",
          "dependencies": [
            "digitalocean_ssh_key.auto_ssh_key"
          ]
        }
      ]
    },
    {
      "mode": "managed",
      "type": "digitalocean_ssh_key",
      "name": "auto_ssh_key",
      "provider": "provider.digitalocean",
      "instances": [
        {
          "schema_version": 0,
          "attributes": {
            "fingerprint": "68:fb:88:46:80:18:78:ae:68:43:11:35:13:6c:e9:32",
            "id": "26507056",
            "name": "mydrop-ssh-key",
            "public_key": "ssh-rsa AAAAB3NzaC1yc2EAAAADAQABAAABAQCtiaT5/vdG8vK0pD6CdugiTm4L5KWEfFKkx5ICH8sbvHkw8Sz0pVAps2a6Bv4J31WGPOViSUqFNPbvbilU/LwvwQJcHFPgiulwVwV4MP8jFBy7wLjJYHv0nKMrNvF4y9BwFPkKNyqXddQpidj7poHchKbJeJMp7f75wWD4HCYkM820snNlawL0FuzVxVBHVUmya+tjoUOBKDYUVokNtcZA9WwGQWWVxxi85xI0LJxVqeFKvo5SMVUf26Q44q+SVDvyE7R125WeuA+zYZy1d/T42R011UQYuDPr+otGQnhHoVOBHT3zrKb59UMl0PlQ4Vd1c5Z1PqYkCtvpcdNMwsOD joel@joel-HP-Laptop-15-bs0xx"
          },
          "private": "bnVsbA=="
        }
      ]
    }
  ]
}
